
Microsoft Visual Studio Solution File, Format Version 12.00
# Visual Studio 15
VisualStudioVersion = 15.0.27428.2037
MinimumVisualStudioVersion = 10.0.40219.1
Project("{FAE04EC0-301F-11D3-BF4B-00C04F79EFBC}") = "CamadaApresentacao", "SistemaCadastros\CamadaApresentacao.csproj", "{6BDE8C33-98A8-4D79-A65F-998C93128A82}"
EndProject
Project("{FAE04EC0-301F-11D3-BF4B-00C04F79EFBC}") = "Modelo", "Modelo\Modelo.csproj", "{C3691365-6DA9-4F5C-84A0-1D7BE90405BA}"
EndProject
Project("{FAE04EC0-301F-11D3-BF4B-00C04F79EFBC}") = "Controlador", "Controlador\Controlador.csproj", "{9480D6C5-92C8-4FF4-9B8D-BFD229612BB0}"
EndProject
Project("{2150E333-8FDC-42A3-9474-1A3956D46DE8}") = "Solution Items", "Solution Items", "{BB7FE771-9E93-4C7E-91EC-6D829545089B}"
EndProject
Project("{FAE04EC0-301F-11D3-BF4B-00C04F79EFBC}") = "CamadaNegocio", "CamadaNegocio\CamadaNegocio.csproj", "{B4026336-BBE3-49D8-B31F-ADBF6FD420AC}"
EndProject
Global
	GlobalSection(SolutionConfigurationPlatforms) = preSolution
		Debug|Any CPU = Debug|Any CPU
		Release|Any CPU = Release|Any CPU
	EndGlobalSection
	GlobalSection(ProjectConfigurationPlatforms) = postSolution
		{6BDE8C33-98A8-4D79-A65F-998C93128A82}.Debug|Any CPU.ActiveCfg = Debug|Any CPU
		{6BDE8C33-98A8-4D79-A65F-998C93128A82}.Debug|Any CPU.Build.0 = Debug|Any CPU
		{6BDE8C33-98A8-4D79-A65F-998C93128A82}.Release|Any CPU.ActiveCfg = Release|Any CPU
		{6BDE8C33-98A8-4D79-A65F-998C93128A82}.Release|Any CPU.Build.0 = Release|Any CPU
		{C3691365-6DA9-4F5C-84A0-1D7BE90405BA}.Debug|Any CPU.ActiveCfg = Debug|Any CPU
		{C3691365-6DA9-4F5C-84A0-1D7BE90405BA}.Debug|Any CPU.Build.0 = Debug|Any CPU
		{C3691365-6DA9-4F5C-84A0-1D7BE90405BA}.Release|Any CPU.ActiveCfg = Release|Any CPU
		{C3691365-6DA9-4F5C-84A0-1D7BE90405BA}.Release|Any CPU.Build.0 = Release|Any CPU
		{9480D6C5-92C8-4FF4-9B8D-BFD229612BB0}.Debug|Any CPU.ActiveCfg = Debug|Any CPU
		{9480D6C5-92C8-4FF4-9B8D-BFD229612BB0}.Debug|Any CPU.Build.0 = Debug|Any CPU
		{9480D6C5-92C8-4FF4-9B8D-BFD229612BB0}.Release|Any CPU.ActiveCfg = Release|Any CPU
		{9480D6C5-92C8-4FF4-9B8D-BFD229612BB0}.Release|Any CPU.Build.0 = Release|Any CPU
		{B4026336-BBE3-49D8-B31F-ADBF6FD420AC}.Debug|Any CPU.ActiveCfg = Debug|Any CPU
		{B4026336-BBE3-49D8-B31F-ADBF6FD420AC}.Debug|Any CPU.Build.0 = Debug|Any CPU
		{B4026336-BBE3-49D8-B31F-ADBF6FD420AC}.Release|Any CPU.ActiveCfg = Release|Any CPU
		{B4026336-BBE3-49D8-B31F-ADBF6FD420AC}.Release|Any CPU.Build.0 = Release|Any CPU
	EndGlobalSection
	GlobalSection(SolutionProperties) = preSolution
		HideSolutionNode = FALSE
	EndGlobalSection
	GlobalSection(ExtensibilityGlobals) = postSolution
		SolutionGuid = {18C9A552-A168-48F4-A854-E815A634A533}
	EndGlobalSection
EndGlobal
